
Microsoft Visual Studio Solution File, Format Version 12.00
# Visual Studio Version 17
VisualStudioVersion = 17.5.002.0
MinimumVisualStudioVersion = 10.0.40219.1
Project("{2150E333-8FDC-42A3-9474-1A3956D46DE8}") = "src", "src", "{12C388BE-3C6C-4B9F-A0AE-C2482BB4C997}"
EndProject
Project("{9A19103F-16F7-4668-BE54-9A1E7A4F7556}") = "TinyJobApi", "src\TinyJobApi\TinyJobApi.csproj", "{D81119BD-9523-4284-A36E-15AEC8B77DA4}"
EndProject
Global
	GlobalSection(SolutionConfigurationPlatforms) = preSolution
		Debug|Any CPU = Debug|Any CPU
		Release|Any CPU = Release|Any CPU
	EndGlobalSection
	GlobalSection(ProjectConfigurationPlatforms) = postSolution
		{D81119BD-9523-4284-A36E-15AEC8B77DA4}.Debug|Any CPU.ActiveCfg = Debug|Any CPU
		{D81119BD-9523-4284-A36E-15AEC8B77DA4}.Debug|Any CPU.Build.0 = Debug|Any CPU
		{D81119BD-9523-4284-A36E-15AEC8B77DA4}.Release|Any CPU.ActiveCfg = Release|Any CPU
		{D81119BD-9523-4284-A36E-15AEC8B77DA4}.Release|Any CPU.Build.0 = Release|Any CPU
	EndGlobalSection
	GlobalSection(SolutionProperties) = preSolution
		HideSolutionNode = FALSE
	EndGlobalSection
	GlobalSection(NestedProjects) = preSolution
		{D81119BD-9523-4284-A36E-15AEC8B77DA4} = {12C388BE-3C6C-4B9F-A0AE-C2482BB4C997}
	EndGlobalSection
	GlobalSection(ExtensibilityGlobals) = postSolution
		SolutionGuid = {57BD6716-70D9-41CC-95CD-E7F12E843E4F}
	EndGlobalSection
EndGlobal
